
Microsoft Visual Studio Solution File, Format Version 12.00
# Visual Studio Version 17
VisualStudioVersion = 17.9.34701.34
MinimumVisualStudioVersion = 10.0.40219.1
Project("{9A19103F-16F7-4668-BE54-9A1E7A4F7556}") = "XpChallenge.Exchange.Api", "XpChallenge.Exchange.Api\XpChallenge.Exchange.Api.csproj", "{4FE8366D-36B8-4B8C-9AFF-6C8B9D65ED9C}"
EndProject
Project("{2150E333-8FDC-42A3-9474-1A3956D46DE8}") = "01 - Presentation", "01 - Presentation", "{09D73FF9-82F3-4C36-84E0-CEB81B225328}"
EndProject
Project("{2150E333-8FDC-42A3-9474-1A3956D46DE8}") = "02 - Application", "02 - Application", "{5DDCAC86-A355-43CC-BEDB-668D8D2538A6}"
EndProject
Project("{2150E333-8FDC-42A3-9474-1A3956D46DE8}") = "03 - Domain", "03 - Domain", "{65A65944-A192-449B-9DF5-D60574D77CA4}"
EndProject
Project("{2150E333-8FDC-42A3-9474-1A3956D46DE8}") = "04 - Infrastructure", "04 - Infrastructure", "{D5B07D97-4EF0-4E06-B9A6-A3B3C53E1FA6}"
EndProject
Project("{2150E333-8FDC-42A3-9474-1A3956D46DE8}") = "05 - Tests", "05 - Tests", "{BE738BFC-9082-4B79-8B97-6E3566C75EFF}"
EndProject
Project("{9A19103F-16F7-4668-BE54-9A1E7A4F7556}") = "XpChallenge.Exchange.Application", "XpChallenge.Exchange.Application\XpChallenge.Exchange.Application.csproj", "{C2FC50EB-D3DF-44EE-82B9-D37C750802C6}"
EndProject
Project("{9A19103F-16F7-4668-BE54-9A1E7A4F7556}") = "XpChallenge.Exchange.Domain", "XpChallenge.Exchange.Domain\XpChallenge.Exchange.Domain.csproj", "{47D80301-BFBD-462E-975C-C2ED8DDCEA51}"
EndProject
Project("{FAE04EC0-301F-11D3-BF4B-00C04F79EFBC}") = "XpChallenge.Exchange.Infra.External", "XpChallenge.Exchange.Infra.External\XpChallenge.Exchange.Infra.External.csproj", "{84F18555-340F-4EDA-B9C7-4DD163B863F0}"
EndProject
Project("{FAE04EC0-301F-11D3-BF4B-00C04F79EFBC}") = "XpChallenge.Exchange.Infra.Mongo", "XpChallenge.Exchange.Infra.Mongo\XpChallenge.Exchange.Infra.Mongo.csproj", "{8D0F369D-25C1-4AB9-B26B-27884DC9D094}"
EndProject
Project("{FAE04EC0-301F-11D3-BF4B-00C04F79EFBC}") = "XpChallenge.Exchange.Tests", "..\tests\XpChallenge.Exchange.Tests\XpChallenge.Exchange.Tests.csproj", "{6E750249-4E42-435D-8CA6-7336AF1F4DF8}"
EndProject
Global
	GlobalSection(SolutionConfigurationPlatforms) = preSolution
		Debug|Any CPU = Debug|Any CPU
		Release|Any CPU = Release|Any CPU
	EndGlobalSection
	GlobalSection(ProjectConfigurationPlatforms) = postSolution
		{4FE8366D-36B8-4B8C-9AFF-6C8B9D65ED9C}.Debug|Any CPU.ActiveCfg = Debug|Any CPU
		{4FE8366D-36B8-4B8C-9AFF-6C8B9D65ED9C}.Debug|Any CPU.Build.0 = Debug|Any CPU
		{4FE8366D-36B8-4B8C-9AFF-6C8B9D65ED9C}.Release|Any CPU.ActiveCfg = Release|Any CPU
		{4FE8366D-36B8-4B8C-9AFF-6C8B9D65ED9C}.Release|Any CPU.Build.0 = Release|Any CPU
		{C2FC50EB-D3DF-44EE-82B9-D37C750802C6}.Debug|Any CPU.ActiveCfg = Debug|Any CPU
		{C2FC50EB-D3DF-44EE-82B9-D37C750802C6}.Debug|Any CPU.Build.0 = Debug|Any CPU
		{C2FC50EB-D3DF-44EE-82B9-D37C750802C6}.Release|Any CPU.ActiveCfg = Release|Any CPU
		{C2FC50EB-D3DF-44EE-82B9-D37C750802C6}.Release|Any CPU.Build.0 = Release|Any CPU
		{47D80301-BFBD-462E-975C-C2ED8DDCEA51}.Debug|Any CPU.ActiveCfg = Debug|Any CPU
		{47D80301-BFBD-462E-975C-C2ED8DDCEA51}.Debug|Any CPU.Build.0 = Debug|Any CPU
		{47D80301-BFBD-462E-975C-C2ED8DDCEA51}.Release|Any CPU.ActiveCfg = Release|Any CPU
		{47D80301-BFBD-462E-975C-C2ED8DDCEA51}.Release|Any CPU.Build.0 = Release|Any CPU
		{84F18555-340F-4EDA-B9C7-4DD163B863F0}.Debug|Any CPU.ActiveCfg = Debug|Any CPU
		{84F18555-340F-4EDA-B9C7-4DD163B863F0}.Debug|Any CPU.Build.0 = Debug|Any CPU
		{84F18555-340F-4EDA-B9C7-4DD163B863F0}.Release|Any CPU.ActiveCfg = Release|Any CPU
		{84F18555-340F-4EDA-B9C7-4DD163B863F0}.Release|Any CPU.Build.0 = Release|Any CPU
		{8D0F369D-25C1-4AB9-B26B-27884DC9D094}.Debug|Any CPU.ActiveCfg = Debug|Any CPU
		{8D0F369D-25C1-4AB9-B26B-27884DC9D094}.Debug|Any CPU.Build.0 = Debug|Any CPU
		{8D0F369D-25C1-4AB9-B26B-27884DC9D094}.Release|Any CPU.ActiveCfg = Release|Any CPU
		{8D0F369D-25C1-4AB9-B26B-27884DC9D094}.Release|Any CPU.Build.0 = Release|Any CPU
		{6E750249-4E42-435D-8CA6-7336AF1F4DF8}.Debug|Any CPU.ActiveCfg = Debug|Any CPU
		{6E750249-4E42-435D-8CA6-7336AF1F4DF8}.Debug|Any CPU.Build.0 = Debug|Any CPU
		{6E750249-4E42-435D-8CA6-7336AF1F4DF8}.Release|Any CPU.ActiveCfg = Release|Any CPU
		{6E750249-4E42-435D-8CA6-7336AF1F4DF8}.Release|Any CPU.Build.0 = Release|Any CPU
	EndGlobalSection
	GlobalSection(SolutionProperties) = preSolution
		HideSolutionNode = FALSE
	EndGlobalSection
	GlobalSection(NestedProjects) = preSolution
		{4FE8366D-36B8-4B8C-9AFF-6C8B9D65ED9C} = {09D73FF9-82F3-4C36-84E0-CEB81B225328}
		{C2FC50EB-D3DF-44EE-82B9-D37C750802C6} = {5DDCAC86-A355-43CC-BEDB-668D8D2538A6}
		{47D80301-BFBD-462E-975C-C2ED8DDCEA51} = {65A65944-A192-449B-9DF5-D60574D77CA4}
		{84F18555-340F-4EDA-B9C7-4DD163B863F0} = {D5B07D97-4EF0-4E06-B9A6-A3B3C53E1FA6}
		{8D0F369D-25C1-4AB9-B26B-27884DC9D094} = {D5B07D97-4EF0-4E06-B9A6-A3B3C53E1FA6}
		{6E750249-4E42-435D-8CA6-7336AF1F4DF8} = {BE738BFC-9082-4B79-8B97-6E3566C75EFF}
	EndGlobalSection
	GlobalSection(ExtensibilityGlobals) = postSolution
		SolutionGuid = {4E271D99-11D2-4FCE-A3C5-8372AA1D5BCA}
	EndGlobalSection
EndGlobal
